{
  "name": "cfbypass",
  "version": "0.0.2",
  "lockfileVersion": 2,
  "requires": true,
  "packages": {
    "": {
      "name": "cfbypass",
      "version": "0.0.2",
      "license": "ISC",
      "dependencies": {
        "js-base64": "^3.7.3"
      },
      "devDependencies": {
        "@types/node": "^18.11.13",
        "typescript": "^4.9.4"
      }
    },
    "node_modules/@types/node": {
      "version": "18.11.13",
      "resolved": "https://registry.npmjs.org/@types/node/-/node-18.11.13.tgz",
      "integrity": "sha512-IASpMGVcWpUsx5xBOrxMj7Bl8lqfuTY7FKAnPmu5cHkfQVWF8GulWS1jbRqA934qZL35xh5xN/+Xe/i26Bod4w==",
      "dev": true
    },
    "node_modules/js-base64": {
      "version": "3.7.3",
      "resolved": "https://registry.npmjs.org/js-base64/-/js-base64-3.7.3.tgz",
      "integrity": "sha512-PAr6Xg2jvd7MCR6Ld9Jg3BmTcjYsHEBx1VlwEwULb/qowPf5VD9kEMagj23Gm7JRnSvE/Da/57nChZjnvL8v6A=="
    },
    "node_modules/typescript": {
      "version": "4.9.4",
      "resolved": "https://registry.npmjs.org/typescript/-/typescript-4.9.4.tgz",
      "integrity": "sha512-Uz+dTXYzxXXbsFpM86Wh3dKCxrQqUcVMxwU54orwlJjOpO3ao8L7j5lH+dWfTwgCwIuM9GQ2kvVotzYJMXTBZg==",
      "dev": true,
      "bin": {
        "tsc": "bin/tsc",
        "tsserver": "bin/tsserver"
      },
      "engines": {
        "node": ">=4.2.0"
      }
    }
  },
  "dependencies": {
    "@types/node": {
      "version": "18.11.13",
      "resolved": "https://registry.npmjs.org/@types/node/-/node-18.11.13.tgz",
      "integrity": "sha512-IASpMGVcWpUsx5xBOrxMj7Bl8lqfuTY7FKAnPmu5cHkfQVWF8GulWS1jbRqA934qZL35xh5xN/+Xe/i26Bod4w==",
      "dev": true
    },
    "js-base64": {
      "version": "3.7.3",
      "resolved": "https://registry.npmjs.org/js-base64/-/js-base64-3.7.3.tgz",
      "integrity": "sha512-PAr6Xg2jvd7MCR6Ld9Jg3BmTcjYsHEBx1VlwEwULb/qowPf5VD9kEMagj23Gm7JRnSvE/Da/57nChZjnvL8v6A=="
    },
    "typescript": {
      "version": "4.9.4",
      "resolved": "https://registry.npmjs.org/typescript/-/typescript-4.9.4.tgz",
      "integrity": "sha512-Uz+dTXYzxXXbsFpM86Wh3dKCxrQqUcVMxwU54orwlJjOpO3ao8L7j5lH+dWfTwgCwIuM9GQ2kvVotzYJMXTBZg==",
      "dev": true
    }
  }
}
